// !$*UTF8*$!
{
	archiveVersion = 1;
	classes = {
	};
	objectVersion = 50;
	objects = {

/* Begin PBXBuildFile section */
		4617B8A2221D196D00B9BB78 /* AppDelegate.swift in Sources */ = {isa = PBXBuildFile; fileRef = 4617B8A1221D196D00B9BB78 /* AppDelegate.swift */; };
		4617B8A4221D196D00B9BB78 /* ViewController.swift in Sources */ = {isa = PBXBuildFile; fileRef = 4617B8A3221D196D00B9BB78 /* ViewController.swift */; };
		4617B8A7221D196D00B9BB78 /* Main.storyboard in Resources */ = {isa = PBXBuildFile; fileRef = 4617B8A5221D196D00B9BB78 /* Main.storyboard */; };
		4617B8A9221D196F00B9BB78 /* Assets.xcassets in Resources */ = {isa = PBXBuildFile; fileRef = 4617B8A8221D196F00B9BB78 /* Assets.xcassets */; };
		4617B8AC221D196F00B9BB78 /* LaunchScreen.storyboard in Resources */ = {isa = PBXBuildFile; fileRef = 4617B8AA221D196F00B9BB78 /* LaunchScreen.storyboard */; };
		46815256223925C500D28E2C /* PuppiesViewController.swift in Sources */ = {isa = PBXBuildFile; fileRef = 46815255223925C500D28E2C /* PuppiesViewController.swift */; };
		4681525A223926CC00D28E2C /* Puppy.swift in Sources */ = {isa = PBXBuildFile; fileRef = 46815259223926CC00D28E2C /* Puppy.swift */; };
		FA7DF3DE72F6EEB85CC72659 /* Pods_Puppies_Registration.framework in Frameworks */ = {isa = PBXBuildFile; fileRef = 221E2E2C32971B151BC80247 /* Pods_Puppies_Registration.framework */; };
/* End PBXBuildFile section */

/* Begin PBXFileReference section */
		221E2E2C32971B151BC80247 /* Pods_Puppies_Registration.framework */ = {isa = PBXFileReference; explicitFileType = wrapper.framework; includeInIndex = 0; path = Pods_Puppies_Registration.framework; sourceTree = BUILT_PRODUCTS_DIR; };
		40355A6B354730561874FB1C /* Pods-Puppies.Registration.release.xcconfig */ = {isa = PBXFileReference; includeInIndex = 1; lastKnownFileType = text.xcconfig; name = "Pods-Puppies.Registration.release.xcconfig"; path = "Pods/Target Support Files/Pods-Puppies.Registration/Pods-Puppies.Registration.release.xcconfig"; sourceTree = "<group>"; };
		4617B89E221D196D00B9BB78 /* Puppies.Registration.app */ = {isa = PBXFileReference; explicitFileType = wrapper.application; includeInIndex = 0; path = Puppies.Registration.app; sourceTree = BUILT_PRODUCTS_DIR; };
		4617B8A1221D196D00B9BB78 /* AppDelegate.swift */ = {isa = PBXFileReference; lastKnownFileType = sourcecode.swift; path = AppDelegate.swift; sourceTree = "<group>"; };
		4617B8A3221D196D00B9BB78 /* ViewController.swift */ = {isa = PBXFileReference; lastKnownFileType = sourcecode.swift; path = ViewController.swift; sourceTree = "<group>"; };
		4617B8A6221D196D00B9BB78 /* Base */ = {isa = PBXFileReference; lastKnownFileType = file.storyboard; name = Base; path = Base.lproj/Main.storyboard; sourceTree = "<group>"; };
		4617B8A8221D196F00B9BB78 /* Assets.xcassets */ = {isa = PBXFileReference; lastKnownFileType = folder.assetcatalog; path = Assets.xcassets; sourceTree = "<group>"; };
		4617B8AB221D196F00B9BB78 /* Base */ = {isa = PBXFileReference; lastKnownFileType = file.storyboard; name = Base; path = Base.lproj/LaunchScreen.storyboard; sourceTree = "<group>"; };
		4617B8AD221D196F00B9BB78 /* Info.plist */ = {isa = PBXFileReference; lastKnownFileType = text.plist.xml; path = Info.plist; sourceTree = "<group>"; };
		46815255223925C500D28E2C /* PuppiesViewController.swift */ = {isa = PBXFileReference; lastKnownFileType = sourcecode.swift; path = PuppiesViewController.swift; sourceTree = "<group>"; };
		46815259223926CC00D28E2C /* Puppy.swift */ = {isa = PBXFileReference; lastKnownFileType = sourcecode.swift; path = Puppy.swift; sourceTree = "<group>"; };
		984F2AAF3F4EB90726180089 /* Pods-Puppies.Registration.debug.xcconfig */ = {isa = PBXFileReference; includeInIndex = 1; lastKnownFileType = text.xcconfig; name = "Pods-Puppies.Registration.debug.xcconfig"; path = "Pods/Target Support Files/Pods-Puppies.Registration/Pods-Puppies.Registration.debug.xcconfig"; sourceTree = "<group>"; };
/* End PBXFileReference section */

/* Begin PBXFrameworksBuildPhase section */
		4617B89B221D196D00B9BB78 /* Frameworks */ = {
			isa = PBXFrameworksBuildPhase;
			buildActionMask = 2147483647;
			files = (
				FA7DF3DE72F6EEB85CC72659 /* Pods_Puppies_Registration.framework in Frameworks */,
			);
			runOnlyForDeploymentPostprocessing = 0;
		};
/* End PBXFrameworksBuildPhase section */

/* Begin PBXGroup section */
		21179E20E639718132A5D549 /* Pods */ = {
			isa = PBXGroup;
			children = (
				984F2AAF3F4EB90726180089 /* Pods-Puppies.Registration.debug.xcconfig */,
				40355A6B354730561874FB1C /* Pods-Puppies.Registration.release.xcconfig */,
			);
			name = Pods;
			sourceTree = "<group>";
		};
		4617B895221D196D00B9BB78 = {
			isa = PBXGroup;
			children = (
				468152582239268F00D28E2C /* ViewControllers */,
				468152572239268500D28E2C /* Models */,
				4617B8A0221D196D00B9BB78 /* Puppies.Registration */,
				4617B89F221D196D00B9BB78 /* Products */,
				21179E20E639718132A5D549 /* Pods */,
				ADBA6017838A82C739953620 /* Frameworks */,
			);
			sourceTree = "<group>";
		};
		4617B89F221D196D00B9BB78 /* Products */ = {
			isa = PBXGroup;
			children = (
				4617B89E221D196D00B9BB78 /* Puppies.Registration.app */,
			);
			name = Products;
			sourceTree = "<group>";
		};
		4617B8A0221D196D00B9BB78 /* Puppies.Registration */ = {
			isa = PBXGroup;
			children = (
				4617B8A3221D196D00B9BB78 /* ViewController.swift */,
				4617B8A1221D196D00B9BB78 /* AppDelegate.swift */,
				4617B8A5221D196D00B9BB78 /* Main.storyboard */,
				4617B8A8221D196F00B9BB78 /* Assets.xcassets */,
				4617B8AA221D196F00B9BB78 /* LaunchScreen.storyboard */,
				4617B8AD221D196F00B9BB78 /* Info.plist */,
			);
			path = Puppies.Registration;
			sourceTree = "<group>";
		};
		468152572239268500D28E2C /* Models */ = {
			isa = PBXGroup;
			children = (
				46815259223926CC00D28E2C /* Puppy.swift */,
			);
			path = Models;
			sourceTree = "<group>";
		};
		468152582239268F00D28E2C /* ViewControllers */ = {
			isa = PBXGroup;
			children = (
				46815255223925C500D28E2C /* PuppiesViewController.swift */,
			);
			path = ViewControllers;
			sourceTree = "<group>";
		};
		ADBA6017838A82C739953620 /* Frameworks */ = {
			isa = PBXGroup;
			children = (
				221E2E2C32971B151BC80247 /* Pods_Puppies_Registration.framework */,
			);
			name = Frameworks;
			sourceTree = "<group>";
		};
/* End PBXGroup section */

/* Begin PBXNativeTarget section */
		4617B89D221D196D00B9BB78 /* Puppies.Registration */ = {
			isa = PBXNativeTarget;
			buildConfigurationList = 4617B8B0221D196F00B9BB78 /* Build configuration list for PBXNativeTarget "Puppies.Registration" */;
			buildPhases = (
				E6D12947FECCA764070CB9D6 /* [CP] Check Pods Manifest.lock */,
				4617B89A221D196D00B9BB78 /* Sources */,
				4617B89B221D196D00B9BB78 /* Frameworks */,
				4617B89C221D196D00B9BB78 /* Resources */,
				DA25292F75D81711E0A506B3 /* [CP] Embed Pods Frameworks */,
			);
			buildRules = (
			);
			dependencies = (
			);
			name = Puppies.Registration;
			productName = Puppies.Registration;
			productReference = 4617B89E221D196D00B9BB78 /* Puppies.Registration.app */;
			productType = "com.apple.product-type.application";
		};
/* End PBXNativeTarget section */

/* Begin PBXProject section */
		4617B896221D196D00B9BB78 /* Project object */ = {
			isa = PBXProject;
			attributes = {
				LastSwiftUpdateCheck = 1010;
				LastUpgradeCheck = 1010;
				ORGANIZATIONNAME = "Digtal Dogs";
				TargetAttributes = {
					4617B89D221D196D00B9BB78 = {
						CreatedOnToolsVersion = 10.1;
					};
				};
			};
			buildConfigurationList = 4617B899221D196D00B9BB78 /* Build configuration list for PBXProject "Puppies.Registration" */;
			compatibilityVersion = "Xcode 9.3";
			developmentRegion = en;
			hasScannedForEncodings = 0;
			knownRegions = (
				en,
				Base,
			);
			mainGroup = 4617B895221D196D00B9BB78;
			productRefGroup = 4617B89F221D196D00B9BB78 /* Products */;
			projectDirPath = "";
			projectRoot = "";
			targets = (
				4617B89D221D196D00B9BB78 /* Puppies.Registration */,
			);
		};
/* End PBXProject section */

/* Begin PBXResourcesBuildPhase section */
		4617B89C221D196D00B9BB78 /* Resources */ = {
			isa = PBXResourcesBuildPhase;
			buildActionMask = 2147483647;
			files = (
				4617B8AC221D196F00B9BB78 /* LaunchScreen.storyboard in Resources */,
				4617B8A9221D196F00B9BB78 /* Assets.xcassets in Resources */,
				4617B8A7221D196D00B9BB78 /* Main.storyboard in Resources */,
			);
			runOnlyForDeploymentPostprocessing = 0;
		};
/* End PBXResourcesBuildPhase section */

/* Begin PBXShellScriptBuildPhase section */
		DA25292F75D81711E0A506B3 /* [CP] Embed Pods Frameworks */ = {
			isa = PBXShellScriptBuildPhase;
			buildActionMask = 2147483647;
			files = (
			);
			inputPaths = (
				"${PODS_ROOT}/Target Support Files/Pods-Puppies.Registration/Pods-Puppies.Registration-frameworks.sh",
				"${BUILT_PRODUCTS_DIR}/BigInt/BigInt.framework",
				"${BUILT_PRODUCTS_DIR}/PromiseKit/PromiseKit.framework",
				"${BUILT_PRODUCTS_DIR}/SipHash/SipHash.framework",
				"${BUILT_PRODUCTS_DIR}/keccak.c/keccak.framework",
				"${BUILT_PRODUCTS_DIR}/scrypt.c/scrypt.framework",
				"${BUILT_PRODUCTS_DIR}/secp256k1.c/secp256k1.framework",
				"${BUILT_PRODUCTS_DIR}/web3swift.pod/web3swift.framework",
			);
			name = "[CP] Embed Pods Frameworks";
			outputPaths = (
				"${TARGET_BUILD_DIR}/${FRAMEWORKS_FOLDER_PATH}/BigInt.framework",
				"${TARGET_BUILD_DIR}/${FRAMEWORKS_FOLDER_PATH}/PromiseKit.framework",
				"${TARGET_BUILD_DIR}/${FRAMEWORKS_FOLDER_PATH}/SipHash.framework",
				"${TARGET_BUILD_DIR}/${FRAMEWORKS_FOLDER_PATH}/keccak.framework",
				"${TARGET_BUILD_DIR}/${FRAMEWORKS_FOLDER_PATH}/scrypt.framework",
				"${TARGET_BUILD_DIR}/${FRAMEWORKS_FOLDER_PATH}/secp256k1.framework",
				"${TARGET_BUILD_DIR}/${FRAMEWORKS_FOLDER_PATH}/web3swift.framework",
			);
			runOnlyForDeploymentPostprocessing = 0;
			shellPath = /bin/sh;
			shellScript = "\"${PODS_ROOT}/Target Support Files/Pods-Puppies.Registration/Pods-Puppies.Registration-frameworks.sh\"\n";
			showEnvVarsInLog = 0;
		};
		E6D12947FECCA764070CB9D6 /* [CP] Check Pods Manifest.lock */ = {
			isa = PBXShellScriptBuildPhase;
			buildActionMask = 2147483647;
			files = (
			);
			inputPaths = (
				"${PODS_PODFILE_DIR_PATH}/Podfile.lock",
				"${PODS_ROOT}/Manifest.lock",
			);
			name = "[CP] Check Pods Manifest.lock";
			outputPaths = (
				"$(DERIVED_FILE_DIR)/Pods-Puppies.Registration-checkManifestLockResult.txt",
			);
			runOnlyForDeploymentPostprocessing = 0;
			shellPath = /bin/sh;
			shellScript = "diff \"${PODS_PODFILE_DIR_PATH}/Podfile.lock\" \"${PODS_ROOT}/Manifest.lock\" > /dev/null\nif [ $? != 0 ] ; then\n    # print error to STDERR\n    echo \"error: The sandbox is not in sync with the Podfile.lock. Run 'pod install' or update your CocoaPods installation.\" >&2\n    exit 1\nfi\n# This output is used by Xcode 'outputs' to avoid re-running this script phase.\necho \"SUCCESS\" > \"${SCRIPT_OUTPUT_FILE_0}\"\n";
			showEnvVarsInLog = 0;
		};
/* End PBXShellScriptBuildPhase section */

/* Begin PBXSourcesBuildPhase section */
		4617B89A221D196D00B9BB78 /* Sources */ = {
			isa = PBXSourcesBuildPhase;
			buildActionMask = 2147483647;
			files = (
				4681525A223926CC00D28E2C /* Puppy.swift in Sources */,
				4617B8A4221D196D00B9BB78 /* ViewController.swift in Sources */,
				46815256223925C500D28E2C /* PuppiesViewController.swift in Sources */,
				4617B8A2221D196D00B9BB78 /* AppDelegate.swift in Sources */,
			);
			runOnlyForDeploymentPostprocessing = 0;
		};
/* End PBXSourcesBuildPhase section */

/* Begin PBXVariantGroup section */
		4617B8A5221D196D00B9BB78 /* Main.storyboard */ = {
			isa = PBXVariantGroup;
			children = (
				4617B8A6221D196D00B9BB78 /* Base */,
			);
			name = Main.storyboard;
			sourceTree = "<group>";
		};
		4617B8AA221D196F00B9BB78 /* LaunchScreen.storyboard */ = {
			isa = PBXVariantGroup;
			children = (
				4617B8AB221D196F00B9BB78 /* Base */,
			);
			name = LaunchScreen.storyboard;
			sourceTree = "<group>";
		};
/* End PBXVariantGroup section */

/* Begin XCBuildConfiguration section */
		4617B8AE221D196F00B9BB78 /* Debug */ = {
			isa = XCBuildConfiguration;
			buildSettings = {
				ALWAYS_SEARCH_USER_PATHS = NO;
				CLANG_ANALYZER_NONNULL = YES;
				CLANG_ANALYZER_NUMBER_OBJECT_CONVERSION = YES_AGGRESSIVE;
				CLANG_CXX_LANGUAGE_STANDARD = "gnu++14";
				CLANG_CXX_LIBRARY = "libc++";
				CLANG_ENABLE_MODULES = YES;
				CLANG_ENABLE_OBJC_ARC = YES;
				CLANG_ENABLE_OBJC_WEAK = YES;
				CLANG_WARN_BLOCK_CAPTURE_AUTORELEASING = YES;
				CLANG_WARN_BOOL_CONVERSION = YES;
				CLANG_WARN_COMMA = YES;
				CLANG_WARN_CONSTANT_CONVERSION = YES;
				CLANG_WARN_DEPRECATED_OBJC_IMPLEMENTATIONS = YES;
				CLANG_WARN_DIRECT_OBJC_ISA_USAGE = YES_ERROR;
				CLANG_WARN_DOCUMENTATION_COMMENTS = YES;
				CLANG_WARN_EMPTY_BODY = YES;
				CLANG_WARN_ENUM_CONVERSION = YES;
				CLANG_WARN_INFINITE_RECURSION = YES;
				CLANG_WARN_INT_CONVERSION = YES;
				CLANG_WARN_NON_LITERAL_NULL_CONVERSION = YES;
				CLANG_WARN_OBJC_IMPLICIT_RETAIN_SELF = YES;
				CLANG_WARN_OBJC_LITERAL_CONVERSION = YES;
				CLANG_WARN_OBJC_ROOT_CLASS = YES_ERROR;
				CLANG_WARN_RANGE_LOOP_ANALYSIS = YES;
				CLANG_WARN_STRICT_PROTOTYPES = YES;
				CLANG_WARN_SUSPICIOUS_MOVE = YES;
				CLANG_WARN_UNGUARDED_AVAILABILITY = YES_AGGRESSIVE;
				CLANG_WARN_UNREACHABLE_CODE = YES;
				CLANG_WARN__DUPLICATE_METHOD_MATCH = YES;
				CODE_SIGN_IDENTITY = "iPhone Developer";
				COPY_PHASE_STRIP = NO;
				DEBUG_INFORMATION_FORMAT = dwarf;
				ENABLE_STRICT_OBJC_MSGSEND = YES;
				ENABLE_TESTABILITY = YES;
				GCC_C_LANGUAGE_STANDARD = gnu11;
				GCC_DYNAMIC_NO_PIC = NO;
				GCC_NO_COMMON_BLOCKS = YES;
				GCC_OPTIMIZATION_LEVEL = 0;
				GCC_PREPROCESSOR_DEFINITIONS = (
					"DEBUG=1",
					"$(inherited)",
				);
				GCC_WARN_64_TO_32_BIT_CONVERSION = YES;
				GCC_WARN_ABOUT_RETURN_TYPE = YES_ERROR;
				GCC_WARN_UNDECLARED_SELECTOR = YES;
				GCC_WARN_UNINITIALIZED_AUTOS = YES_AGGRESSIVE;
				GCC_WARN_UNUSED_FUNCTION = YES;
				GCC_WARN_UNUSED_VARIABLE = YES;
				IPHONEOS_DEPLOYMENT_TARGET = 12.1;
				MTL_ENABLE_DEBUG_INFO = INCLUDE_SOURCE;
				MTL_FAST_MATH = YES;
				ONLY_ACTIVE_ARCH = YES;
				SDKROOT = iphoneos;
				SWIFT_ACTIVE_COMPILATION_CONDITIONS = DEBUG;
				SWIFT_OPTIMIZATION_LEVEL = "-Onone";
			};
			name = Debug;
		};
		4617B8AF221D196F00B9BB78 /* Release */ = {
			isa = XCBuildConfiguration;
			buildSettings = {
				ALWAYS_SEARCH_USER_PATHS = NO;
				CLANG_ANALYZER_NONNULL = YES;
				CLANG_ANALYZER_NUMBER_OBJECT_CONVERSION = YES_AGGRESSIVE;
				CLANG_CXX_LANGUAGE_STANDARD = "gnu++14";
				CLANG_CXX_LIBRARY = "libc++";
				CLANG_ENABLE_MODULES = YES;
				CLANG_ENABLE_OBJC_ARC = YES;
				CLANG_ENABLE_OBJC_WEAK = YES;
				CLANG_WARN_BLOCK_CAPTURE_AUTORELEASING = YES;
				CLANG_WARN_BOOL_CONVERSION = YES;
				CLANG_WARN_COMMA = YES;
				CLANG_WARN_CONSTANT_CONVERSION = YES;
				CLANG_WARN_DEPRECATED_OBJC_IMPLEMENTATIONS = YES;
				CLANG_WARN_DIRECT_OBJC_ISA_USAGE = YES_ERROR;
				CLANG_WARN_DOCUMENTATION_COMMENTS = YES;
				CLANG_WARN_EMPTY_BODY = YES;
				CLANG_WARN_ENUM_CONVERSION = YES;
				CLANG_WARN_INFINITE_RECURSION = YES;
				CLANG_WARN_INT_CONVERSION = YES;
				CLANG_WARN_NON_LITERAL_NULL_CONVERSION = YES;
				CLANG_WARN_OBJC_IMPLICIT_RETAIN_SELF = YES;
				CLANG_WARN_OBJC_LITERAL_CONVERSION = YES;
				CLANG_WARN_OBJC_ROOT_CLASS = YES_ERROR;
				CLANG_WARN_RANGE_LOOP_ANALYSIS = YES;
				CLANG_WARN_STRICT_PROTOTYPES = YES;
				CLANG_WARN_SUSPICIOUS_MOVE = YES;
				CLANG_WARN_UNGUARDED_AVAILABILITY = YES_AGGRESSIVE;
				CLANG_WARN_UNREACHABLE_CODE = YES;
				CLANG_WARN__DUPLICATE_METHOD_MATCH = YES;
				CODE_SIGN_IDENTITY = "iPhone Developer";
				COPY_PHASE_STRIP = NO;
				DEBUG_INFORMATION_FORMAT = "dwarf-with-dsym";
				ENABLE_NS_ASSERTIONS = NO;
				ENABLE_STRICT_OBJC_MSGSEND = YES;
				GCC_C_LANGUAGE_STANDARD = gnu11;
				GCC_NO_COMMON_BLOCKS = YES;
				GCC_WARN_64_TO_32_BIT_CONVERSION = YES;
				GCC_WARN_ABOUT_RETURN_TYPE = YES_ERROR;
				GCC_WARN_UNDECLARED_SELECTOR = YES;
				GCC_WARN_UNINITIALIZED_AUTOS = YES_AGGRESSIVE;
				GCC_WARN_UNUSED_FUNCTION = YES;
				GCC_WARN_UNUSED_VARIABLE = YES;
				IPHONEOS_DEPLOYMENT_TARGET = 12.1;
				MTL_ENABLE_DEBUG_INFO = NO;
				MTL_FAST_MATH = YES;
				SDKROOT = iphoneos;
				SWIFT_COMPILATION_MODE = wholemodule;
				SWIFT_OPTIMIZATION_LEVEL = "-O";
				VALIDATE_PRODUCT = YES;
			};
			name = Release;
		};
		4617B8B1221D196F00B9BB78 /* Debug */ = {
			isa = XCBuildConfiguration;
			baseConfigurationReference = 984F2AAF3F4EB90726180089 /* Pods-Puppies.Registration.debug.xcconfig */;
			buildSettings = {
				ASSETCATALOG_COMPILER_APPICON_NAME = AppIcon;
				CODE_SIGN_STYLE = Automatic;
				DEVELOPMENT_TEAM = VJR4T6XQ4V;
				INFOPLIST_FILE = Puppies.Registration/Info.plist;
				LD_RUNPATH_SEARCH_PATHS = (
					"$(inherited)",
					"@executable_path/Frameworks",
				);
				PRODUCT_BUNDLE_IDENTIFIER = "com.bitcoinbrisbane.Puppies-Registration";
				PRODUCT_NAME = "$(TARGET_NAME)";
				SWIFT_VERSION = 4.2;
				TARGETED_DEVICE_FAMILY = "1,2";
			};
			name = Debug;
		};
		4617B8B2221D196F00B9BB78 /* Release */ = {
			isa = XCBuildConfiguration;
			baseConfigurationReference = 40355A6B354730561874FB1C /* Pods-Puppies.Registration.release.xcconfig */;
			buildSettings = {
				ASSETCATALOG_COMPILER_APPICON_NAME = AppIcon;
				CODE_SIGN_STYLE = Automatic;
				DEVELOPMENT_TEAM = VJR4T6XQ4V;
				INFOPLIST_FILE = Puppies.Registration/Info.plist;
				LD_RUNPATH_SEARCH_PATHS = (
					"$(inherited)",
					"@executable_path/Frameworks",
				);
				PRODUCT_BUNDLE_IDENTIFIER = "com.bitcoinbrisbane.Puppies-Registration";
				PRODUCT_NAME = "$(TARGET_NAME)";
				SWIFT_VERSION = 4.2;
				TARGETED_DEVICE_FAMILY = "1,2";
			};
			name = Release;
		};
/* End XCBuildConfiguration section */

/* Begin XCConfigurationList section */
		4617B899221D196D00B9BB78 /* Build configuration list for PBXProject "Puppies.Registration" */ = {
			isa = XCConfigurationList;
			buildConfigurations = (
				4617B8AE221D196F00B9BB78 /* Debug */,
				4617B8AF221D196F00B9BB78 /* Release */,
			);
			defaultConfigurationIsVisible = 0;
			defaultConfigurationName = Release;
		};
		4617B8B0221D196F00B9BB78 /* Build configuration list for PBXNativeTarget "Puppies.Registration" */ = {
			isa = XCConfigurationList;
			buildConfigurations = (
				4617B8B1221D196F00B9BB78 /* Debug */,
				4617B8B2221D196F00B9BB78 /* Release */,
			);
			defaultConfigurationIsVisible = 0;
			defaultConfigurationName = Release;
		};
/* End XCConfigurationList section */
	};
	rootObject = 4617B896221D196D00B9BB78 /* Project object */;
}
